
Microsoft Visual Studio Solution File, Format Version 12.00
# Visual Studio 15
VisualStudioVersion = 15.0.28307.271
MinimumVisualStudioVersion = 10.0.40219.1
Project("{FAE04EC0-301F-11D3-BF4B-00C04F79EFBC}") = "SeeYouLatte", "SeeYouLatte\SeeYouLatte.csproj", "{B83A1F31-024F-4348-97AF-DD2D1FD8A4CD}"
EndProject
Project("{FAE04EC0-301F-11D3-BF4B-00C04F79EFBC}") = "SeeYouLatteStaff", "SeeYouLatteStaff\SeeYouLatteStaff.csproj", "{F111F12E-85DF-4F59-A432-FE2ED46E79B4}"
EndProject
Global
	GlobalSection(SolutionConfigurationPlatforms) = preSolution
		Debug|Any CPU = Debug|Any CPU
		Release|Any CPU = Release|Any CPU
	EndGlobalSection
	GlobalSection(ProjectConfigurationPlatforms) = postSolution
		{B83A1F31-024F-4348-97AF-DD2D1FD8A4CD}.Debug|Any CPU.ActiveCfg = Debug|Any CPU
		{B83A1F31-024F-4348-97AF-DD2D1FD8A4CD}.Debug|Any CPU.Build.0 = Debug|Any CPU
		{B83A1F31-024F-4348-97AF-DD2D1FD8A4CD}.Release|Any CPU.ActiveCfg = Release|Any CPU
		{B83A1F31-024F-4348-97AF-DD2D1FD8A4CD}.Release|Any CPU.Build.0 = Release|Any CPU
		{F111F12E-85DF-4F59-A432-FE2ED46E79B4}.Debug|Any CPU.ActiveCfg = Debug|Any CPU
		{F111F12E-85DF-4F59-A432-FE2ED46E79B4}.Debug|Any CPU.Build.0 = Debug|Any CPU
		{F111F12E-85DF-4F59-A432-FE2ED46E79B4}.Release|Any CPU.ActiveCfg = Release|Any CPU
		{F111F12E-85DF-4F59-A432-FE2ED46E79B4}.Release|Any CPU.Build.0 = Release|Any CPU
	EndGlobalSection
	GlobalSection(SolutionProperties) = preSolution
		HideSolutionNode = FALSE
	EndGlobalSection
	GlobalSection(ExtensibilityGlobals) = postSolution
		SolutionGuid = {BCD243EC-CC56-4BED-A37B-0CA702A50E87}
	EndGlobalSection
EndGlobal
